
Microsoft Visual Studio Solution File, Format Version 12.00
# Visual Studio 15
Project("{FAE04EC0-301F-11D3-BF4B-00C04F79EFBC}") = "Assembly-CSharp", "Assembly-CSharp.csproj", "{5CC5B3FF-8A5B-52EA-9D21-F79674A810FB}"
EndProject
Project("{FAE04EC0-301F-11D3-BF4B-00C04F79EFBC}") = "Assembly-CSharp-Editor", "Assembly-CSharp-Editor.csproj", "{82A4D20E-D03C-72A2-E3CD-78617E276DCB}"
EndProject
Global
	GlobalSection(SolutionConfigurationPlatforms) = preSolution
		Debug|Any CPU = Debug|Any CPU
		Release|Any CPU = Release|Any CPU
	EndGlobalSection
	GlobalSection(ProjectConfigurationPlatforms) = postSolution
		{5CC5B3FF-8A5B-52EA-9D21-F79674A810FB}.Debug|Any CPU.ActiveCfg = Debug|Any CPU
		{5CC5B3FF-8A5B-52EA-9D21-F79674A810FB}.Debug|Any CPU.Build.0 = Debug|Any CPU
		{5CC5B3FF-8A5B-52EA-9D21-F79674A810FB}.Release|Any CPU.ActiveCfg = Release|Any CPU
		{5CC5B3FF-8A5B-52EA-9D21-F79674A810FB}.Release|Any CPU.Build.0 = Release|Any CPU
		{82A4D20E-D03C-72A2-E3CD-78617E276DCB}.Debug|Any CPU.ActiveCfg = Debug|Any CPU
		{82A4D20E-D03C-72A2-E3CD-78617E276DCB}.Debug|Any CPU.Build.0 = Debug|Any CPU
		{82A4D20E-D03C-72A2-E3CD-78617E276DCB}.Release|Any CPU.ActiveCfg = Release|Any CPU
		{82A4D20E-D03C-72A2-E3CD-78617E276DCB}.Release|Any CPU.Build.0 = Release|Any CPU
	EndGlobalSection
	GlobalSection(SolutionProperties) = preSolution
		HideSolutionNode = FALSE
	EndGlobalSection
EndGlobal
